
Microsoft Visual Studio Solution File, Format Version 12.00
# Visual Studio 15
Project("{5DD5E4FA-CB73-4610-85AB-557B54E96AA9}") = "lcs", "lcs\lcs.nuproj", "{002E87F9-387E-4586-AFED-A2F10A642EB7}"
EndProject
Global
	GlobalSection(SolutionConfigurationPlatforms) = preSolution
		Debug|Any CPU = Debug|Any CPU
		Release|Any CPU = Release|Any CPU
	EndGlobalSection
	GlobalSection(ProjectConfigurationPlatforms) = postSolution
		{002E87F9-387E-4586-AFED-A2F10A642EB7}.Debug|Any CPU.ActiveCfg = Debug|Any CPU
		{002E87F9-387E-4586-AFED-A2F10A642EB7}.Debug|Any CPU.Build.0 = Debug|Any CPU
		{002E87F9-387E-4586-AFED-A2F10A642EB7}.Release|Any CPU.ActiveCfg = Release|Any CPU
		{002E87F9-387E-4586-AFED-A2F10A642EB7}.Release|Any CPU.Build.0 = Release|Any CPU
	EndGlobalSection
EndGlobal
